// !$*UTF8*$!
{
	archiveVersion = 1;
	classes = {
	};
	objectVersion = 56;
	objects = {

/* Begin PBXBuildFile section */
		32D5C7B32CB594861C7CBE1B /* Pods_FotografPaylasmaUygulamasi.framework in Frameworks */ = {isa = PBXBuildFile; fileRef = 510DED0881C6E9A5DE363865 /* Pods_FotografPaylasmaUygulamasi.framework */; };
		48019C302B5A8CEA0022E47D /* GoogleService-Info.plist in Resources */ = {isa = PBXBuildFile; fileRef = 48019C2F2B5A8CE90022E47D /* GoogleService-Info.plist */; };
		48019C322B5AE0E60022E47D /* FeedViewController.swift in Sources */ = {isa = PBXBuildFile; fileRef = 48019C312B5AE0E50022E47D /* FeedViewController.swift */; };
		48019C342B5AE10F0022E47D /* UploadViewController.swift in Sources */ = {isa = PBXBuildFile; fileRef = 48019C332B5AE10F0022E47D /* UploadViewController.swift */; };
		48019C362B5AE1320022E47D /* SettingsViewController.swift in Sources */ = {isa = PBXBuildFile; fileRef = 48019C352B5AE1320022E47D /* SettingsViewController.swift */; };
		48C375052B5BF79100A3022D /* FeedCell.swift in Sources */ = {isa = PBXBuildFile; fileRef = 48C375042B5BF79100A3022D /* FeedCell.swift */; };
		48EB05602B596B64001E2C8C /* AppDelegate.swift in Sources */ = {isa = PBXBuildFile; fileRef = 48EB055F2B596B64001E2C8C /* AppDelegate.swift */; };
		48EB05622B596B64001E2C8C /* SceneDelegate.swift in Sources */ = {isa = PBXBuildFile; fileRef = 48EB05612B596B64001E2C8C /* SceneDelegate.swift */; };
		48EB05642B596B64001E2C8C /* ViewController.swift in Sources */ = {isa = PBXBuildFile; fileRef = 48EB05632B596B64001E2C8C /* ViewController.swift */; };
		48EB05672B596B64001E2C8C /* Main.storyboard in Resources */ = {isa = PBXBuildFile; fileRef = 48EB05652B596B64001E2C8C /* Main.storyboard */; };
		48EB05692B596B68001E2C8C /* Assets.xcassets in Resources */ = {isa = PBXBuildFile; fileRef = 48EB05682B596B68001E2C8C /* Assets.xcassets */; };
		48EB056C2B596B68001E2C8C /* LaunchScreen.storyboard in Resources */ = {isa = PBXBuildFile; fileRef = 48EB056A2B596B68001E2C8C /* LaunchScreen.storyboard */; };
/* End PBXBuildFile section */

/* Begin PBXFileReference section */
		0EA1C4AAE11810CFBE36B6FB /* Pods-FotografPaylasmaUygulamasi.release.xcconfig */ = {isa = PBXFileReference; includeInIndex = 1; lastKnownFileType = text.xcconfig; name = "Pods-FotografPaylasmaUygulamasi.release.xcconfig"; path = "Target Support Files/Pods-FotografPaylasmaUygulamasi/Pods-FotografPaylasmaUygulamasi.release.xcconfig"; sourceTree = "<group>"; };
		48019C2F2B5A8CE90022E47D /* GoogleService-Info.plist */ = {isa = PBXFileReference; fileEncoding = 4; lastKnownFileType = text.plist.xml; path = "GoogleService-Info.plist"; sourceTree = "<group>"; };
		48019C312B5AE0E50022E47D /* FeedViewController.swift */ = {isa = PBXFileReference; lastKnownFileType = sourcecode.swift; path = FeedViewController.swift; sourceTree = "<group>"; };
		48019C332B5AE10F0022E47D /* UploadViewController.swift */ = {isa = PBXFileReference; lastKnownFileType = sourcecode.swift; path = UploadViewController.swift; sourceTree = "<group>"; };
		48019C352B5AE1320022E47D /* SettingsViewController.swift */ = {isa = PBXFileReference; lastKnownFileType = sourcecode.swift; path = SettingsViewController.swift; sourceTree = "<group>"; };
		48C375042B5BF79100A3022D /* FeedCell.swift */ = {isa = PBXFileReference; lastKnownFileType = sourcecode.swift; path = FeedCell.swift; sourceTree = "<group>"; };
		48EB055C2B596B64001E2C8C /* FotografPaylasmaUygulamasi.app */ = {isa = PBXFileReference; explicitFileType = wrapper.application; includeInIndex = 0; path = FotografPaylasmaUygulamasi.app; sourceTree = BUILT_PRODUCTS_DIR; };
		48EB055F2B596B64001E2C8C /* AppDelegate.swift */ = {isa = PBXFileReference; lastKnownFileType = sourcecode.swift; path = AppDelegate.swift; sourceTree = "<group>"; };
		48EB05612B596B64001E2C8C /* SceneDelegate.swift */ = {isa = PBXFileReference; lastKnownFileType = sourcecode.swift; path = SceneDelegate.swift; sourceTree = "<group>"; };
		48EB05632B596B64001E2C8C /* ViewController.swift */ = {isa = PBXFileReference; lastKnownFileType = sourcecode.swift; path = ViewController.swift; sourceTree = "<group>"; };
		48EB05662B596B64001E2C8C /* Base */ = {isa = PBXFileReference; lastKnownFileType = file.storyboard; name = Base; path = Base.lproj/Main.storyboard; sourceTree = "<group>"; };
		48EB05682B596B68001E2C8C /* Assets.xcassets */ = {isa = PBXFileReference; lastKnownFileType = folder.assetcatalog; path = Assets.xcassets; sourceTree = "<group>"; };
		48EB056B2B596B68001E2C8C /* Base */ = {isa = PBXFileReference; lastKnownFileType = file.storyboard; name = Base; path = Base.lproj/LaunchScreen.storyboard; sourceTree = "<group>"; };
		48EB056D2B596B68001E2C8C /* Info.plist */ = {isa = PBXFileReference; lastKnownFileType = text.plist.xml; path = Info.plist; sourceTree = "<group>"; };
		510DED0881C6E9A5DE363865 /* Pods_FotografPaylasmaUygulamasi.framework */ = {isa = PBXFileReference; explicitFileType = wrapper.framework; includeInIndex = 0; path = Pods_FotografPaylasmaUygulamasi.framework; sourceTree = BUILT_PRODUCTS_DIR; };
		76D83FF17124408E105DD494 /* Pods-FotografPaylasmaUygulamasi.debug.xcconfig */ = {isa = PBXFileReference; includeInIndex = 1; lastKnownFileType = text.xcconfig; name = "Pods-FotografPaylasmaUygulamasi.debug.xcconfig"; path = "Target Support Files/Pods-FotografPaylasmaUygulamasi/Pods-FotografPaylasmaUygulamasi.debug.xcconfig"; sourceTree = "<group>"; };
/* End PBXFileReference section */

/* Begin PBXFrameworksBuildPhase section */
		48EB05592B596B64001E2C8C /* Frameworks */ = {
			isa = PBXFrameworksBuildPhase;
			buildActionMask = 2147483647;
			files = (
				32D5C7B32CB594861C7CBE1B /* Pods_FotografPaylasmaUygulamasi.framework in Frameworks */,
			);
			runOnlyForDeploymentPostprocessing = 0;
		};
/* End PBXFrameworksBuildPhase section */

/* Begin PBXGroup section */
		350C3986E554CE36F93075FD /* Frameworks */ = {
			isa = PBXGroup;
			children = (
				510DED0881C6E9A5DE363865 /* Pods_FotografPaylasmaUygulamasi.framework */,
			);
			name = Frameworks;
			sourceTree = "<group>";
		};
		48EB05532B596B64001E2C8C = {
			isa = PBXGroup;
			children = (
				48EB055E2B596B64001E2C8C /* FotografPaylasmaUygulamasi */,
				48EB055D2B596B64001E2C8C /* Products */,
				E5DF432EA8B5E080C54E560F /* Pods */,
				350C3986E554CE36F93075FD /* Frameworks */,
			);
			sourceTree = "<group>";
		};
		48EB055D2B596B64001E2C8C /* Products */ = {
			isa = PBXGroup;
			children = (
				48EB055C2B596B64001E2C8C /* FotografPaylasmaUygulamasi.app */,
			);
			name = Products;
			sourceTree = "<group>";
		};
		48EB055E2B596B64001E2C8C /* FotografPaylasmaUygulamasi */ = {
			isa = PBXGroup;
			children = (
				48EB055F2B596B64001E2C8C /* AppDelegate.swift */,
				48EB05612B596B64001E2C8C /* SceneDelegate.swift */,
				48EB05632B596B64001E2C8C /* ViewController.swift */,
				48019C312B5AE0E50022E47D /* FeedViewController.swift */,
				48019C332B5AE10F0022E47D /* UploadViewController.swift */,
				48019C352B5AE1320022E47D /* SettingsViewController.swift */,
				48C375042B5BF79100A3022D /* FeedCell.swift */,
				48019C2F2B5A8CE90022E47D /* GoogleService-Info.plist */,
				48EB05652B596B64001E2C8C /* Main.storyboard */,
				48EB05682B596B68001E2C8C /* Assets.xcassets */,
				48EB056A2B596B68001E2C8C /* LaunchScreen.storyboard */,
				48EB056D2B596B68001E2C8C /* Info.plist */,
			);
			path = FotografPaylasmaUygulamasi;
			sourceTree = "<group>";
		};
		E5DF432EA8B5E080C54E560F /* Pods */ = {
			isa = PBXGroup;
			children = (
				76D83FF17124408E105DD494 /* Pods-FotografPaylasmaUygulamasi.debug.xcconfig */,
				0EA1C4AAE11810CFBE36B6FB /* Pods-FotografPaylasmaUygulamasi.release.xcconfig */,
			);
			path = Pods;
			sourceTree = "<group>";
		};
/* End PBXGroup section */

/* Begin PBXNativeTarget section */
		48EB055B2B596B64001E2C8C /* FotografPaylasmaUygulamasi */ = {
			isa = PBXNativeTarget;
			buildConfigurationList = 48EB05702B596B68001E2C8C /* Build configuration list for PBXNativeTarget "FotografPaylasmaUygulamasi" */;
			buildPhases = (
				CBBEB758204B1B730B54DFBA /* [CP] Check Pods Manifest.lock */,
				48EB05582B596B64001E2C8C /* Sources */,
				48EB05592B596B64001E2C8C /* Frameworks */,
				48EB055A2B596B64001E2C8C /* Resources */,
				AFA16ED9AAC1FD1C63580EEE /* [CP] Embed Pods Frameworks */,
			);
			buildRules = (
			);
			dependencies = (
			);
			name = FotografPaylasmaUygulamasi;
			productName = FotografPaylasmaUygulamasi;
			productReference = 48EB055C2B596B64001E2C8C /* FotografPaylasmaUygulamasi.app */;
			productType = "com.apple.product-type.application";
		};
/* End PBXNativeTarget section */

/* Begin PBXProject section */
		48EB05542B596B64001E2C8C /* Project object */ = {
			isa = PBXProject;
			attributes = {
				BuildIndependentTargetsInParallel = 1;
				LastSwiftUpdateCheck = 1400;
				LastUpgradeCheck = 1400;
				TargetAttributes = {
					48EB055B2B596B64001E2C8C = {
						CreatedOnToolsVersion = 14.0.1;
					};
				};
			};
			buildConfigurationList = 48EB05572B596B64001E2C8C /* Build configuration list for PBXProject "FotografPaylasmaUygulamasi" */;
			compatibilityVersion = "Xcode 14.0";
			developmentRegion = en;
			hasScannedForEncodings = 0;
			knownRegions = (
				en,
				Base,
			);
			mainGroup = 48EB05532B596B64001E2C8C;
			productRefGroup = 48EB055D2B596B64001E2C8C /* Products */;
			projectDirPath = "";
			projectRoot = "";
			targets = (
				48EB055B2B596B64001E2C8C /* FotografPaylasmaUygulamasi */,
			);
		};
/* End PBXProject section */

/* Begin PBXResourcesBuildPhase section */
		48EB055A2B596B64001E2C8C /* Resources */ = {
			isa = PBXResourcesBuildPhase;
			buildActionMask = 2147483647;
			files = (
				48EB056C2B596B68001E2C8C /* LaunchScreen.storyboard in Resources */,
				48019C302B5A8CEA0022E47D /* GoogleService-Info.plist in Resources */,
				48EB05692B596B68001E2C8C /* Assets.xcassets in Resources */,
				48EB05672B596B64001E2C8C /* Main.storyboard in Resources */,
			);
			runOnlyForDeploymentPostprocessing = 0;
		};
/* End PBXResourcesBuildPhase section */

/* Begin PBXShellScriptBuildPhase section */
		AFA16ED9AAC1FD1C63580EEE /* [CP] Embed Pods Frameworks */ = {
			isa = PBXShellScriptBuildPhase;
			buildActionMask = 2147483647;
			files = (
			);
			inputFileListPaths = (
				"${PODS_ROOT}/Target Support Files/Pods-FotografPaylasmaUygulamasi/Pods-FotografPaylasmaUygulamasi-frameworks-${CONFIGURATION}-input-files.xcfilelist",
			);
			name = "[CP] Embed Pods Frameworks";
			outputFileListPaths = (
				"${PODS_ROOT}/Target Support Files/Pods-FotografPaylasmaUygulamasi/Pods-FotografPaylasmaUygulamasi-frameworks-${CONFIGURATION}-output-files.xcfilelist",
			);
			runOnlyForDeploymentPostprocessing = 0;
			shellPath = /bin/sh;
			shellScript = "\"${PODS_ROOT}/Target Support Files/Pods-FotografPaylasmaUygulamasi/Pods-FotografPaylasmaUygulamasi-frameworks.sh\"\n";
			showEnvVarsInLog = 0;
		};
		CBBEB758204B1B730B54DFBA /* [CP] Check Pods Manifest.lock */ = {
			isa = PBXShellScriptBuildPhase;
			buildActionMask = 2147483647;
			files = (
			);
			inputFileListPaths = (
			);
			inputPaths = (
				"${PODS_PODFILE_DIR_PATH}/Podfile.lock",
				"${PODS_ROOT}/Manifest.lock",
			);
			name = "[CP] Check Pods Manifest.lock";
			outputFileListPaths = (
			);
			outputPaths = (
				"$(DERIVED_FILE_DIR)/Pods-FotografPaylasmaUygulamasi-checkManifestLockResult.txt",
			);
			runOnlyForDeploymentPostprocessing = 0;
			shellPath = /bin/sh;
			shellScript = "diff \"${PODS_PODFILE_DIR_PATH}/Podfile.lock\" \"${PODS_ROOT}/Manifest.lock\" > /dev/null\nif [ $? != 0 ] ; then\n    # print error to STDERR\n    echo \"error: The sandbox is not in sync with the Podfile.lock. Run 'pod install' or update your CocoaPods installation.\" >&2\n    exit 1\nfi\n# This output is used by Xcode 'outputs' to avoid re-running this script phase.\necho \"SUCCESS\" > \"${SCRIPT_OUTPUT_FILE_0}\"\n";
			showEnvVarsInLog = 0;
		};
/* End PBXShellScriptBuildPhase section */

/* Begin PBXSourcesBuildPhase section */
		48EB05582B596B64001E2C8C /* Sources */ = {
			isa = PBXSourcesBuildPhase;
			buildActionMask = 2147483647;
			files = (
				48C375052B5BF79100A3022D /* FeedCell.swift in Sources */,
				48EB05642B596B64001E2C8C /* ViewController.swift in Sources */,
				48019C342B5AE10F0022E47D /* UploadViewController.swift in Sources */,
				48EB05602B596B64001E2C8C /* AppDelegate.swift in Sources */,
				48019C322B5AE0E60022E47D /* FeedViewController.swift in Sources */,
				48EB05622B596B64001E2C8C /* SceneDelegate.swift in Sources */,
				48019C362B5AE1320022E47D /* SettingsViewController.swift in Sources */,
			);
			runOnlyForDeploymentPostprocessing = 0;
		};
/* End PBXSourcesBuildPhase section */

/* Begin PBXVariantGroup section */
		48EB05652B596B64001E2C8C /* Main.storyboard */ = {
			isa = PBXVariantGroup;
			children = (
				48EB05662B596B64001E2C8C /* Base */,
			);
			name = Main.storyboard;
			sourceTree = "<group>";
		};
		48EB056A2B596B68001E2C8C /* LaunchScreen.storyboard */ = {
			isa = PBXVariantGroup;
			children = (
				48EB056B2B596B68001E2C8C /* Base */,
			);
			name = LaunchScreen.storyboard;
			sourceTree = "<group>";
		};
/* End PBXVariantGroup section */

/* Begin XCBuildConfiguration section */
		48EB056E2B596B68001E2C8C /* Debug */ = {
			isa = XCBuildConfiguration;
			buildSettings = {
				ALWAYS_SEARCH_USER_PATHS = NO;
				CLANG_ANALYZER_NONNULL = YES;
				CLANG_ANALYZER_NUMBER_OBJECT_CONVERSION = YES_AGGRESSIVE;
				CLANG_CXX_LANGUAGE_STANDARD = "gnu++20";
				CLANG_ENABLE_MODULES = YES;
				CLANG_ENABLE_OBJC_ARC = YES;
				CLANG_ENABLE_OBJC_WEAK = YES;
				CLANG_WARN_BLOCK_CAPTURE_AUTORELEASING = YES;
				CLANG_WARN_BOOL_CONVERSION = YES;
				CLANG_WARN_COMMA = YES;
				CLANG_WARN_CONSTANT_CONVERSION = YES;
				CLANG_WARN_DEPRECATED_OBJC_IMPLEMENTATIONS = YES;
				CLANG_WARN_DIRECT_OBJC_ISA_USAGE = YES_ERROR;
				CLANG_WARN_DOCUMENTATION_COMMENTS = YES;
				CLANG_WARN_EMPTY_BODY = YES;
				CLANG_WARN_ENUM_CONVERSION = YES;
				CLANG_WARN_INFINITE_RECURSION = YES;
				CLANG_WARN_INT_CONVERSION = YES;
				CLANG_WARN_NON_LITERAL_NULL_CONVERSION = YES;
				CLANG_WARN_OBJC_IMPLICIT_RETAIN_SELF = YES;
				CLANG_WARN_OBJC_LITERAL_CONVERSION = YES;
				CLANG_WARN_OBJC_ROOT_CLASS = YES_ERROR;
				CLANG_WARN_QUOTED_INCLUDE_IN_FRAMEWORK_HEADER = YES;
				CLANG_WARN_RANGE_LOOP_ANALYSIS = YES;
				CLANG_WARN_STRICT_PROTOTYPES = YES;
				CLANG_WARN_SUSPICIOUS_MOVE = YES;
				CLANG_WARN_UNGUARDED_AVAILABILITY = YES_AGGRESSIVE;
				CLANG_WARN_UNREACHABLE_CODE = YES;
				CLANG_WARN__DUPLICATE_METHOD_MATCH = YES;
				COPY_PHASE_STRIP = NO;
				DEBUG_INFORMATION_FORMAT = dwarf;
				ENABLE_STRICT_OBJC_MSGSEND = YES;
				ENABLE_TESTABILITY = YES;
				GCC_C_LANGUAGE_STANDARD = gnu11;
				GCC_DYNAMIC_NO_PIC = NO;
				GCC_NO_COMMON_BLOCKS = YES;
				GCC_OPTIMIZATION_LEVEL = 0;
				GCC_PREPROCESSOR_DEFINITIONS = (
					"DEBUG=1",
					"$(inherited)",
				);
				GCC_WARN_64_TO_32_BIT_CONVERSION = YES;
				GCC_WARN_ABOUT_RETURN_TYPE = YES_ERROR;
				GCC_WARN_UNDECLARED_SELECTOR = YES;
				GCC_WARN_UNINITIALIZED_AUTOS = YES_AGGRESSIVE;
				GCC_WARN_UNUSED_FUNCTION = YES;
				GCC_WARN_UNUSED_VARIABLE = YES;
				IPHONEOS_DEPLOYMENT_TARGET = 16.0;
				MTL_ENABLE_DEBUG_INFO = INCLUDE_SOURCE;
				MTL_FAST_MATH = YES;
				ONLY_ACTIVE_ARCH = YES;
				SDKROOT = iphoneos;
				SWIFT_ACTIVE_COMPILATION_CONDITIONS = DEBUG;
				SWIFT_OPTIMIZATION_LEVEL = "-Onone";
			};
			name = Debug;
		};
		48EB056F2B596B68001E2C8C /* Release */ = {
			isa = XCBuildConfiguration;
			buildSettings = {
				ALWAYS_SEARCH_USER_PATHS = NO;
				CLANG_ANALYZER_NONNULL = YES;
				CLANG_ANALYZER_NUMBER_OBJECT_CONVERSION = YES_AGGRESSIVE;
				CLANG_CXX_LANGUAGE_STANDARD = "gnu++20";
				CLANG_ENABLE_MODULES = YES;
				CLANG_ENABLE_OBJC_ARC = YES;
				CLANG_ENABLE_OBJC_WEAK = YES;
				CLANG_WARN_BLOCK_CAPTURE_AUTORELEASING = YES;
				CLANG_WARN_BOOL_CONVERSION = YES;
				CLANG_WARN_COMMA = YES;
				CLANG_WARN_CONSTANT_CONVERSION = YES;
				CLANG_WARN_DEPRECATED_OBJC_IMPLEMENTATIONS = YES;
				CLANG_WARN_DIRECT_OBJC_ISA_USAGE = YES_ERROR;
				CLANG_WARN_DOCUMENTATION_COMMENTS = YES;
				CLANG_WARN_EMPTY_BODY = YES;
				CLANG_WARN_ENUM_CONVERSION = YES;
				CLANG_WARN_INFINITE_RECURSION = YES;
				CLANG_WARN_INT_CONVERSION = YES;
				CLANG_WARN_NON_LITERAL_NULL_CONVERSION = YES;
				CLANG_WARN_OBJC_IMPLICIT_RETAIN_SELF = YES;
				CLANG_WARN_OBJC_LITERAL_CONVERSION = YES;
				CLANG_WARN_OBJC_ROOT_CLASS = YES_ERROR;
				CLANG_WARN_QUOTED_INCLUDE_IN_FRAMEWORK_HEADER = YES;
				CLANG_WARN_RANGE_LOOP_ANALYSIS = YES;
				CLANG_WARN_STRICT_PROTOTYPES = YES;
				CLANG_WARN_SUSPICIOUS_MOVE = YES;
				CLANG_WARN_UNGUARDED_AVAILABILITY = YES_AGGRESSIVE;
				CLANG_WARN_UNREACHABLE_CODE = YES;
				CLANG_WARN__DUPLICATE_METHOD_MATCH = YES;
				COPY_PHASE_STRIP = NO;
				DEBUG_INFORMATION_FORMAT = "dwarf-with-dsym";
				ENABLE_NS_ASSERTIONS = NO;
				ENABLE_STRICT_OBJC_MSGSEND = YES;
				GCC_C_LANGUAGE_STANDARD = gnu11;
				GCC_NO_COMMON_BLOCKS = YES;
				GCC_WARN_64_TO_32_BIT_CONVERSION = YES;
				GCC_WARN_ABOUT_RETURN_TYPE = YES_ERROR;
				GCC_WARN_UNDECLARED_SELECTOR = YES;
				GCC_WARN_UNINITIALIZED_AUTOS = YES_AGGRESSIVE;
				GCC_WARN_UNUSED_FUNCTION = YES;
				GCC_WARN_UNUSED_VARIABLE = YES;
				IPHONEOS_DEPLOYMENT_TARGET = 16.0;
				MTL_ENABLE_DEBUG_INFO = NO;
				MTL_FAST_MATH = YES;
				SDKROOT = iphoneos;
				SWIFT_COMPILATION_MODE = wholemodule;
				SWIFT_OPTIMIZATION_LEVEL = "-O";
				VALIDATE_PRODUCT = YES;
			};
			name = Release;
		};
		48EB05712B596B68001E2C8C /* Debug */ = {
			isa = XCBuildConfiguration;
			baseConfigurationReference = 76D83FF17124408E105DD494 /* Pods-FotografPaylasmaUygulamasi.debug.xcconfig */;
			buildSettings = {
				ASSETCATALOG_COMPILER_APPICON_NAME = AppIcon;
				ASSETCATALOG_COMPILER_GLOBAL_ACCENT_COLOR_NAME = AccentColor;
				CODE_SIGN_STYLE = Automatic;
				CURRENT_PROJECT_VERSION = 1;
				DEVELOPMENT_TEAM = 5PDW2HS9JQ;
				GENERATE_INFOPLIST_FILE = YES;
				INFOPLIST_FILE = FotografPaylasmaUygulamasi/Info.plist;
				INFOPLIST_KEY_UIApplicationSupportsIndirectInputEvents = YES;
				INFOPLIST_KEY_UILaunchStoryboardName = LaunchScreen;
				INFOPLIST_KEY_UIMainStoryboardFile = Main;
				INFOPLIST_KEY_UISupportedInterfaceOrientations_iPad = "UIInterfaceOrientationPortrait UIInterfaceOrientationPortraitUpsideDown UIInterfaceOrientationLandscapeLeft UIInterfaceOrientationLandscapeRight";
				INFOPLIST_KEY_UISupportedInterfaceOrientations_iPhone = "UIInterfaceOrientationPortrait UIInterfaceOrientationLandscapeLeft UIInterfaceOrientationLandscapeRight";
				LD_RUNPATH_SEARCH_PATHS = (
					"$(inherited)",
					"@executable_path/Frameworks",
				);
				MARKETING_VERSION = 1.0;
				PRODUCT_BUNDLE_IDENTIFIER = com.SayyilmaCo.FotografPaylasmaUygulamasi;
				PRODUCT_NAME = "$(TARGET_NAME)";
				SWIFT_EMIT_LOC_STRINGS = YES;
				SWIFT_VERSION = 5.0;
				TARGETED_DEVICE_FAMILY = "1,2";
			};
			name = Debug;
		};
		48EB05722B596B68001E2C8C /* Release */ = {
			isa = XCBuildConfiguration;
			baseConfigurationReference = 0EA1C4AAE11810CFBE36B6FB /* Pods-FotografPaylasmaUygulamasi.release.xcconfig */;
			buildSettings = {
				ASSETCATALOG_COMPILER_APPICON_NAME = AppIcon;
				ASSETCATALOG_COMPILER_GLOBAL_ACCENT_COLOR_NAME = AccentColor;
				CODE_SIGN_STYLE = Automatic;
				CURRENT_PROJECT_VERSION = 1;
				DEVELOPMENT_TEAM = 5PDW2HS9JQ;
				GENERATE_INFOPLIST_FILE = YES;
				INFOPLIST_FILE = FotografPaylasmaUygulamasi/Info.plist;
				INFOPLIST_KEY_UIApplicationSupportsIndirectInputEvents = YES;
				INFOPLIST_KEY_UILaunchStoryboardName = LaunchScreen;
				INFOPLIST_KEY_UIMainStoryboardFile = Main;
				INFOPLIST_KEY_UISupportedInterfaceOrientations_iPad = "UIInterfaceOrientationPortrait UIInterfaceOrientationPortraitUpsideDown UIInterfaceOrientationLandscapeLeft UIInterfaceOrientationLandscapeRight";
				INFOPLIST_KEY_UISupportedInterfaceOrientations_iPhone = "UIInterfaceOrientationPortrait UIInterfaceOrientationLandscapeLeft UIInterfaceOrientationLandscapeRight";
				LD_RUNPATH_SEARCH_PATHS = (
					"$(inherited)",
					"@executable_path/Frameworks",
				);
				MARKETING_VERSION = 1.0;
				PRODUCT_BUNDLE_IDENTIFIER = com.SayyilmaCo.FotografPaylasmaUygulamasi;
				PRODUCT_NAME = "$(TARGET_NAME)";
				SWIFT_EMIT_LOC_STRINGS = YES;
				SWIFT_VERSION = 5.0;
				TARGETED_DEVICE_FAMILY = "1,2";
			};
			name = Release;
		};
/* End XCBuildConfiguration section */

/* Begin XCConfigurationList section */
		48EB05572B596B64001E2C8C /* Build configuration list for PBXProject "FotografPaylasmaUygulamasi" */ = {
			isa = XCConfigurationList;
			buildConfigurations = (
				48EB056E2B596B68001E2C8C /* Debug */,
				48EB056F2B596B68001E2C8C /* Release */,
			);
			defaultConfigurationIsVisible = 0;
			defaultConfigurationName = Release;
		};
		48EB05702B596B68001E2C8C /* Build configuration list for PBXNativeTarget "FotografPaylasmaUygulamasi" */ = {
			isa = XCConfigurationList;
			buildConfigurations = (
				48EB05712B596B68001E2C8C /* Debug */,
				48EB05722B596B68001E2C8C /* Release */,
			);
			defaultConfigurationIsVisible = 0;
			defaultConfigurationName = Release;
		};
/* End XCConfigurationList section */
	};
	rootObject = 48EB05542B596B64001E2C8C /* Project object */;
}
